
Microsoft Visual Studio Solution File, Format Version 12.00
# Visual Studio Version 16
VisualStudioVersion = 16.0.30907.101
MinimumVisualStudioVersion = 10.0.40219.1
Project("{FAE04EC0-301F-11D3-BF4B-00C04F79EFBC}") = "B10956029", "B10956029\B10956029.csproj", "{5AAD157A-65D5-47B5-A778-E6DF1FE9F031}"
EndProject
Global
	GlobalSection(SolutionConfigurationPlatforms) = preSolution
		Debug|Any CPU = Debug|Any CPU
		Release|Any CPU = Release|Any CPU
	EndGlobalSection
	GlobalSection(ProjectConfigurationPlatforms) = postSolution
		{5AAD157A-65D5-47B5-A778-E6DF1FE9F031}.Debug|Any CPU.ActiveCfg = Debug|Any CPU
		{5AAD157A-65D5-47B5-A778-E6DF1FE9F031}.Debug|Any CPU.Build.0 = Debug|Any CPU
		{5AAD157A-65D5-47B5-A778-E6DF1FE9F031}.Release|Any CPU.ActiveCfg = Release|Any CPU
		{5AAD157A-65D5-47B5-A778-E6DF1FE9F031}.Release|Any CPU.Build.0 = Release|Any CPU
	EndGlobalSection
	GlobalSection(SolutionProperties) = preSolution
		HideSolutionNode = FALSE
	EndGlobalSection
	GlobalSection(ExtensibilityGlobals) = postSolution
		SolutionGuid = {25C2F330-7C38-40F1-B079-95EBEB9CCF08}
	EndGlobalSection
EndGlobal
